{
  "nodes": {
    "flake-utils": {
      "locked": {
        "lastModified": 1644229661,
        "narHash": "sha256-1YdnJAsNy69bpcjuoKdOYQX0YxZBiCYZo4Twxerqv7k=",
        "owner": "numtide",
        "repo": "flake-utils",
        "rev": "3cecb5b042f7f209c56ffd8371b2711a290ec797",
        "type": "github"
      },
      "original": {
        "owner": "numtide",
        "repo": "flake-utils",
        "type": "github"
      }
    },
    "flake-utils_2": {
      "locked": {
        "lastModified": 1644229661,
        "narHash": "sha256-1YdnJAsNy69bpcjuoKdOYQX0YxZBiCYZo4Twxerqv7k=",
        "owner": "numtide",
        "repo": "flake-utils",
        "rev": "3cecb5b042f7f209c56ffd8371b2711a290ec797",
        "type": "github"
      },
      "original": {
        "owner": "numtide",
        "repo": "flake-utils",
        "type": "github"
      }
    },
    "nixpkgs": {
      "locked": {
        "lastModified": 1648097358,
        "narHash": "sha256-GMoTKP/po2Nbkh1tvPvP8Ww6NyFW8FFst1Z3nfzffZc=",
        "owner": "NixOS",
        "repo": "nixpkgs",
        "rev": "4d60081494259c0785f7e228518fee74e0792c1b",
        "type": "github"
      },
      "original": {
        "id": "nixpkgs",
        "type": "indirect"
      }
    },
    "nixpkgs_2": {
      "locked": {
        "lastModified": 1647291210,
        "narHash": "sha256-O1xLCz3RmXcyBmr1Et/N9SH9Y69CqNv5TFsrdhprwC4=",
        "owner": "NixOS",
        "repo": "nixpkgs",
        "rev": "3239fd2b8f728106491154b44625662e10259af2",
        "type": "github"
      },
      "original": {
        "id": "nixpkgs",
        "type": "indirect"
      }
    },
    "podman-rootless": {
      "inputs": {
        "flake-utils": "flake-utils_2",
        "nixpkgs": "nixpkgs_2"
      },
      "locked": {
        "lastModified": 1648146849,
        "narHash": "sha256-ip8F5aC9z0xjLqLMOrZfeMc1N3O7m0tpam9anSG/Ryg=",
        "owner": "ES-Nix",
        "repo": "podman-rootless",
        "rev": "c4dd85a126acf4c6cf8f74d4295c8e1f7e943cef",
        "type": "github"
      },
      "original": {
        "owner": "ES-Nix",
        "ref": "from-nixpkgs",
        "repo": "podman-rootless",
        "type": "github"
      }
    },
    "root": {
      "inputs": {
        "flake-utils": "flake-utils",
        "nixpkgs": "nixpkgs",
        "podman-rootless": "podman-rootless"
      }
    }
  },
  "root": "root",
  "version": 7
}
